{
  "version": 4,
  "terraform_version": "1.13.5",
  "serial": 254,
  "lineage": "e23a922d-8269-961a-b538-1b72839f5198",
  "outputs": {},
  "resources": [
    {
      "mode": "data",
      "type": "aws_acm_certificate",
      "name": "amazon_issued",
      "provider": "provider[\"registry.terraform.io/hashicorp/aws\"]",
      "instances": [
        {
          "schema_version": 0,
          "attributes": {
            "arn": "arn:aws:acm:ap-south-1:555108715761:certificate/4cd34ed2-bb91-43b1-9cd3-d8dc4671274a",
            "certificate": "-----BEGIN CERTIFICATE-----\nMIIF1jCCBL6gAwIBAgIQAy10caHhslOfzKrQIogmQDANBgkqhkiG9w0BAQsFADA8\nMQswCQYDVQQGEwJVUzEPMA0GA1UEChMGQW1hem9uMRwwGgYDVQQDExNBbWF6b24g\nUlNBIDIwNDggTTA0MB4XDTI1MTAwODAwMDAwMFoXDTI2MTEwNjIzNTk1OVowHDEa\nMBgGA1UEAwwRKi5uYXlhbnphZ2FkZS54eXowggEiMA0GCSqGSIb3DQEBAQUAA4IB\nDwAwggEKAoIBAQCvSsHEFPk2c5OEjqGRI5sfdHj9csBtIgtd7j+LVFs9mEbYx0PI\nKD6bolfVrfzYvPlMbgdfrHpxKT4BusoaG1/dnkMSuhW0nPh+cr0z53F1hqyUULKH\nc9UyGXhe4RmI7pDIQSvNbX62yw0JyFGf/PlqFrFEL43t77qXrpVLCpv/W1J7kUng\nv/ZfQyPs+RLviGmBPTQ26LTA94t2WKfe3oNKjE4QcFzyaNSNRrwsm+aKfqcpcm0b\nZ8TzfLPTbEmVce//MSTkuFdw2jjhrVFpx+I4C6PYCVBdOwSi71F3OG9uymlqQ/m3\nefz1I8wcoyLQgPYWefbVZxt4NzpKb7Pc1LxVAgMBAAGjggLyMIIC7jAfBgNVHSME\nGDAWgBQfUpJhVoJUf4Fm2B09CqoyXIfdCDAdBgNVHQ4EFgQU/G2Y9XjFOAjWCDFY\nWL5kd3slUV8wLQYDVR0RBCYwJIIRKi5uYXlhbnphZ2FkZS54eXqCD25heWFuemFn\nYWRlLnh5ejATBgNVHSAEDDAKMAgGBmeBDAECATAOBgNVHQ8BAf8EBAMCBaAwEwYD\nVR0lBAwwCgYIKwYBBQUHAwEwOwYDVR0fBDQwMjAwoC6gLIYqaHR0cDovL2NybC5y\nMm0wNC5hbWF6b250cnVzdC5jb20vcjJtMDQuY3JsMHUGCCsGAQUFBwEBBGkwZzAt\nBggrBgEFBQcwAYYhaHR0cDovL29jc3AucjJtMDQuYW1hem9udHJ1c3QuY29tMDYG\nCCsGAQUFBzAChipodHRwOi8vY3J0LnIybTA0LmFtYXpvbnRydXN0LmNvbS9yMm0w\nNC5jZXIwDAYDVR0TAQH/BAIwADCCAX8GCisGAQQB1nkCBAIEggFvBIIBawFpAHcA\n2AlVO5RPev/IFhlvlE+Fq7D4/F6HVSYPFdEucrtFSxQAAAGZw46q4gAABAMASDBG\nAiEAiUsLkLjltgJVkkHc2tsuROhdHedqrYtAeWOwu4CuuEsCIQCD8v0NRXGlIunU\n75naNTkqlaKNGLltz9cCHu3V0l+a6AB1AMIxfldFGaNF7n843rKQQevHwiFaIr9/\n1bWtdprZDlLNAAABmcOOquUAAAQDAEYwRAIgO9FRqIJF2tJjk/Ojr+gVcpbhCmRL\nHqAoH1ayAKG5iAICIEnAYitfcV+9SzmmHSnU4AHb9tDiJHfp1693hjPJBplNAHcA\nlE5Dh/rswe+B8xkkJqgYZQHH0184AgE/cmd9VTcuGdgAAAGZw46q+AAABAMASDBG\nAiEA7e8JI780v+qUp0h3eUrDBRDbiY6jVwXMHVXWD4JrElICIQCbU5wo6xhl8Sae\nNy+68n+Ej8BCenY3ikwC4HlYacBPcDANBgkqhkiG9w0BAQsFAAOCAQEApWU8KLuZ\njHPTZVDhgjlOEV7jnHiBKfJHCOmpufSNdCYSMw+UAknrozVJfWB7RY95oED++lJO\nwcqABjJVyHpab//QssTyq874TwPU/N7gATIr82lP5pXabnjlXp4ylt2LVTEEP9N1\nQQsCLsJUXyY2kcjD8i/jRNB68OD5qaS4370qTm+aVuNTIOeP31N172IqA6nekEwl\nJ0Mm39kLqlo1giu86GzTKBnYxxDQPDlvpmQpQsNmvdOlS4cECcYB3Qzx1rPZqMPX\nllqEpntQqqBg18xX/gQpeKdGIVmdq3+0oxWwbcfz2PKj6BLANTey2SchxM30RseT\n2Ec/GgYyylYNJw==\n-----END CERTIFICATE-----\n",
            "certificate_chain": "-----BEGIN CERTIFICATE-----\nMIIEXjCCA0agAwIBAgITB3MSTyqVLj7Rili9uF0bwM5fJzANBgkqhkiG9w0BAQsF\nADA5MQswCQYDVQQGEwJVUzEPMA0GA1UEChMGQW1hem9uMRkwFwYDVQQDExBBbWF6\nb24gUm9vdCBDQSAxMB4XDTIyMDgyMzIyMjYzNVoXDTMwMDgyMzIyMjYzNVowPDEL\nMAkGA1UEBhMCVVMxDzANBgNVBAoTBkFtYXpvbjEcMBoGA1UEAxMTQW1hem9uIFJT\nQSAyMDQ4IE0wNDCCASIwDQYJKoZIhvcNAQEBBQADggEPADCCAQoCggEBAM3pVR6A\nlQOp4xe776FdePXyejgA38mYx1ou9/jrpV6Sfn+/oqBKgwhY6ePsQHHQayWBJdBn\nv4Wz363qRI4XUh9swBFJ11TnZ3LqOMvHmWq2+loA0QPtOfXdJ2fHBLrBrngtJ/GB\n0p5olAVYrSZgvQGP16Rf8ddtNyxEEhYm3HuhmNi+vSeAq1tLYJPAvRCXonTpWdSD\nxY6hvdmxlqTYi82AtBXSfpGQ58HHM0hw0C6aQakghrwWi5fGslLOqzpimNMIsT7c\nqa0GJx6JfKqJqmQQNplO2h8n9ZsFJgBowof01ppdoLAWg6caMOM0om/VILKaa30F\n9W/r8Qjah7ltGVkCAwEAAaOCAVowggFWMBIGA1UdEwEB/wQIMAYBAf8CAQAwDgYD\nVR0PAQH/BAQDAgGGMB0GA1UdJQQWMBQGCCsGAQUFBwMBBggrBgEFBQcDAjAdBgNV\nHQ4EFgQUH1KSYVaCVH+BZtgdPQqqMlyH3QgwHwYDVR0jBBgwFoAUhBjMhTTsvAyU\nlC4IWZzHshBOCggwewYIKwYBBQUHAQEEbzBtMC8GCCsGAQUFBzABhiNodHRwOi8v\nb2NzcC5yb290Y2ExLmFtYXpvbnRydXN0LmNvbTA6BggrBgEFBQcwAoYuaHR0cDov\nL2NydC5yb290Y2ExLmFtYXpvbnRydXN0LmNvbS9yb290Y2ExLmNlcjA/BgNVHR8E\nODA2MDSgMqAwhi5odHRwOi8vY3JsLnJvb3RjYTEuYW1hem9udHJ1c3QuY29tL3Jv\nb3RjYTEuY3JsMBMGA1UdIAQMMAowCAYGZ4EMAQIBMA0GCSqGSIb3DQEBCwUAA4IB\nAQA+1O5UsAaNuW3lHzJtpNGwBnZd9QEYFtxpiAnIaV4qApnGS9OCw5ZPwie7YSlD\nZF5yyFPsFhUC2Q9uJHY/CRV1b5hIiGH0+6+w5PgKiY1MWuWT8VAaJjFxvuhM7a/e\nfN2TIw1Wd6WCl6YRisunjQOrSP+unqC8A540JNyZ1JOE3jVqat3OZBGgMvihdj2w\nY23EpwesrKiQzkHzmvSH67PVW4ycbPy08HVZnBxZ5NrlGG9bwXR3fNTaz+c+Ej6c\n5AnwI3qkOFgSkg3Y75cdFz6pO/olK+e3AqygAcv0WjzmkDPuBjssuZjCHMC56oH3\nGJkV29Di2j5prHJbwZjG1inU\n-----END CERTIFICATE-----\n-----BEGIN CERTIFICATE-----\nMIIEkjCCA3qgAwIBAgITBn+USionzfP6wq4rAfkI7rnExjANBgkqhkiG9w0BAQsF\nADCBmDELMAkGA1UEBhMCVVMxEDAOBgNVBAgTB0FyaXpvbmExEzARBgNVBAcTClNj\nb3R0c2RhbGUxJTAjBgNVBAoTHFN0YXJmaWVsZCBUZWNobm9sb2dpZXMsIEluYy4x\nOzA5BgNVBAMTMlN0YXJmaWVsZCBTZXJ2aWNlcyBSb290IENlcnRpZmljYXRlIEF1\ndGhvcml0eSAtIEcyMB4XDTE1MDUyNTEyMDAwMFoXDTM3MTIzMTAxMDAwMFowOTEL\nMAkGA1UEBhMCVVMxDzANBgNVBAoTBkFtYXpvbjEZMBcGA1UEAxMQQW1hem9uIFJv\nb3QgQ0EgMTCCASIwDQYJKoZIhvcNAQEBBQADggEPADCCAQoCggEBALJ4gHHKeNXj\nca9HgFB0fW7Y14h29Jlo91ghYPl0hAEvrAIthtOgQ3pOsqTQNroBvo3bSMgHFzZM\n9O6II8c+6zf1tRn4SWiw3te5djgdYZ6k/oI2peVKVuRF4fn9tBb6dNqcmzU5L/qw\nIFAGbHrQgLKm+a/sRxmPUDgH3KKHOVj4utWp+UhnMJbulHheb4mjUcAwhmahRWa6\nVOujw5H5SNz/0egwLX0tdHA114gk957EWW67c4cX8jJGKLhD+rcdqsq08p8kDi1L\n93FcXmn/6pUCyziKrlA4b9v7LWIbxcceVOF34GfID5yHI9Y/QCB/IIDEgEw+OyQm\njgSubJrIqg0CAwEAAaOCATEwggEtMA8GA1UdEwEB/wQFMAMBAf8wDgYDVR0PAQH/\nBAQDAgGGMB0GA1UdDgQWBBSEGMyFNOy8DJSULghZnMeyEE4KCDAfBgNVHSMEGDAW\ngBScXwDfqgHXMCs4iKK4bUqc8hGRgzB4BggrBgEFBQcBAQRsMGowLgYIKwYBBQUH\nMAGGImh0dHA6Ly9vY3NwLnJvb3RnMi5hbWF6b250cnVzdC5jb20wOAYIKwYBBQUH\nMAKGLGh0dHA6Ly9jcnQucm9vdGcyLmFtYXpvbnRydXN0LmNvbS9yb290ZzIuY2Vy\nMD0GA1UdHwQ2MDQwMqAwoC6GLGh0dHA6Ly9jcmwucm9vdGcyLmFtYXpvbnRydXN0\nLmNvbS9yb290ZzIuY3JsMBEGA1UdIAQKMAgwBgYEVR0gADANBgkqhkiG9w0BAQsF\nAAOCAQEAYjdCXLwQtT6LLOkMm2xF4gcAevnFWAu5CIw+7bMlPLVvUOTNNWqnkzSW\nMiGpSESrnO09tKpzbeR/FoCJbM8oAxiDR3mjEH4wW6w7sGDgd9QIpuEdfF7Au/ma\neyKdpwAJfqxGF4PcnCZXmTA5YpaP7dreqsXMGz7KQ2hsVxa81Q4gLv7/wmpdLqBK\nbRRYh5TmOTFffHPLkIhqhBGWJ6bt2YFGpn6jcgAKUj6DiAdjd4lpFw85hdKrCEVN\n0FE6/V1dN2RMfjCyVSRCnTawXZwXgWHxyvkQAiSr6w10kY17RSlQOYiypok1JR4U\nakcjMS9cmvqtmg5iUaQqqcT5NJ0hGA==\n-----END CERTIFICATE-----\n",
            "domain": "*.nayanzagade.xyz",
            "id": "arn:aws:acm:ap-south-1:555108715761:certificate/4cd34ed2-bb91-43b1-9cd3-d8dc4671274a",
            "key_types": null,
            "most_recent": true,
            "region": "ap-south-1",
            "status": "ISSUED",
            "statuses": null,
            "tags": {},
            "types": [
              "AMAZON_ISSUED"
            ]
          },
          "sensitive_attributes": [],
          "identity_schema_version": 0
        }
      ]
    },
    {
      "mode": "data",
      "type": "aws_ami",
      "name": "ecs_optimized",
      "provider": "provider[\"registry.terraform.io/hashicorp/aws\"]",
      "instances": [
        {
          "schema_version": 0,
          "attributes": {
            "allow_unsafe_filter": null,
            "architecture": "x86_64",
            "arn": "arn:aws:ec2:ap-south-1::image/ami-0cc0d8e30c1b4b33f",
            "block_device_mappings": [
              {
                "device_name": "/dev/xvda",
                "ebs": {
                  "delete_on_termination": "true",
                  "encrypted": "false",
                  "iops": "0",
                  "snapshot_id": "snap-06144d47a964dcee9",
                  "throughput": "0",
                  "volume_initialization_rate": "0",
                  "volume_size": "30",
                  "volume_type": "gp2"
                },
                "no_device": "",
                "virtual_name": ""
              }
            ],
            "boot_mode": "",
            "creation_date": "2025-11-12T22:20:24.000Z",
            "deprecation_time": "2027-11-12T22:20:24.000Z",
            "description": "Amazon Linux AMI 2.0.20251112 x86_64 ECS HVM GP2",
            "ena_support": true,
            "executable_users": null,
            "filter": [
              {
                "name": "name",
                "values": [
                  "amzn2-ami-ecs-hvm-*-x86_64-ebs"
                ]
              }
            ],
            "hypervisor": "xen",
            "id": "ami-0cc0d8e30c1b4b33f",
            "image_id": "ami-0cc0d8e30c1b4b33f",
            "image_location": "amazon/amzn2-ami-ecs-hvm-2.0.20251112-x86_64-ebs",
            "image_owner_alias": "amazon",
            "image_type": "machine",
            "imds_support": "",
            "include_deprecated": false,
            "kernel_id": "",
            "last_launched_time": "",
            "most_recent": true,
            "name": "amzn2-ami-ecs-hvm-2.0.20251112-x86_64-ebs",
            "name_regex": null,
            "owner_id": "591542846629",
            "owners": [
              "amazon"
            ],
            "platform": "",
            "platform_details": "Linux/UNIX",
            "product_codes": [],
            "public": true,
            "ramdisk_id": "",
            "region": "ap-south-1",
            "root_device_name": "/dev/xvda",
            "root_device_type": "ebs",
            "root_snapshot_id": "snap-06144d47a964dcee9",
            "sriov_net_support": "simple",
            "state": "available",
            "state_reason": {
              "code": "UNSET",
              "message": "UNSET"
            },
            "tags": {},
            "timeouts": null,
            "tpm_support": "",
            "uefi_data": null,
            "usage_operation": "RunInstances",
            "virtualization_type": "hvm"
          },
          "sensitive_attributes": [],
          "identity_schema_version": 0
        }
      ]
    },
    {
      "mode": "data",
      "type": "aws_route53_zone",
      "name": "selected",
      "provider": "provider[\"registry.terraform.io/hashicorp/aws\"]",
      "instances": [
        {
          "schema_version": 0,
          "attributes": {
            "arn": "arn:aws:route53:::hostedzone/Z005920810ULG86JXT8IA",
            "caller_reference": "b39eb227-056a-4355-828c-21440f1b0fd1",
            "comment": "",
            "id": "Z005920810ULG86JXT8IA",
            "linked_service_description": null,
            "linked_service_principal": null,
            "name": "nayanzagade.xyz",
            "name_servers": [
              "ns-781.awsdns-33.net",
              "ns-141.awsdns-17.com",
              "ns-1764.awsdns-28.co.uk",
              "ns-1397.awsdns-46.org"
            ],
            "primary_name_server": "ns-781.awsdns-33.net",
            "private_zone": false,
            "resource_record_set_count": 9,
            "tags": {},
            "vpc_id": null,
            "zone_id": "Z005920810ULG86JXT8IA"
          },
          "sensitive_attributes": [],
          "identity_schema_version": 0
        }
      ]
    },
    {
      "mode": "managed",
      "type": "aws_autoscaling_attachment",
      "name": "asg_attachment",
      "provider": "provider[\"registry.terraform.io/hashicorp/aws\"]",
      "instances": [
        {
          "schema_version": 0,
          "attributes": {
            "autoscaling_group_name": "dev-ecs-asg",
            "elb": null,
            "id": "dev-ecs-asg-20251120131340415100000005",
            "lb_target_group_arn": "arn:aws:elasticloadbalancing:ap-south-1:555108715761:targetgroup/instance-target-group/4264c6f2160ee3af",
            "region": "ap-south-1"
          },
          "sensitive_attributes": [],
          "identity_schema_version": 0,
          "private": "bnVsbA==",
          "dependencies": [
            "aws_autoscaling_group.asg",
            "aws_ecs_cluster.ecs",
            "aws_iam_instance_profile.ecs_instance_profile",
            "aws_iam_role.ecs_instance_role",
            "aws_launch_template.ecs",
            "aws_lb_target_group.instance_tg",
            "aws_security_group.alb_sg",
            "aws_security_group.ecs_sg",
            "aws_subnet.private_1",
            "aws_subnet.private_2",
            "aws_vpc.ecs_vpc",
            "data.aws_ami.ecs_optimized"
          ]
        }
      ]
    },
    {
      "mode": "managed",
      "type": "aws_autoscaling_group",
      "name": "asg",
      "provider": "provider[\"registry.terraform.io/hashicorp/aws\"]",
      "instances": [
        {
          "schema_version": 1,
          "attributes": {
            "arn": "arn:aws:autoscaling:ap-south-1:555108715761:autoScalingGroup:dd398a81-35e1-4d1d-ab6f-83204725e887:autoScalingGroupName/dev-ecs-asg",
            "availability_zone_distribution": [
              {
                "capacity_distribution_strategy": "balanced-best-effort"
              }
            ],
            "availability_zones": [
              "ap-south-1a",
              "ap-south-1b"
            ],
            "capacity_rebalance": false,
            "capacity_reservation_specification": [
              {
                "capacity_reservation_preference": "default",
                "capacity_reservation_target": []
              }
            ],
            "context": "",
            "default_cooldown": 300,
            "default_instance_warmup": 0,
            "desired_capacity": 0,
            "desired_capacity_type": "",
            "enabled_metrics": [],
            "force_delete": true,
            "force_delete_warm_pool": true,
            "health_check_grace_period": 300,
            "health_check_type": "EC2",
            "id": "dev-ecs-asg",
            "ignore_failed_scaling_activities": false,
            "initial_lifecycle_hook": [],
            "instance_maintenance_policy": [],
            "instance_refresh": [],
            "launch_configuration": "",
            "launch_template": [],
            "load_balancers": [],
            "max_instance_lifetime": 0,
            "max_size": 0,
            "metrics_granularity": "1Minute",
            "min_elb_capacity": null,
            "min_size": 0,
            "mixed_instances_policy": [
              {
                "instances_distribution": [
                  {
                    "on_demand_allocation_strategy": "prioritized",
                    "on_demand_base_capacity": 0,
                    "on_demand_percentage_above_base_capacity": 0,
                    "spot_allocation_strategy": "capacity-optimized",
                    "spot_instance_pools": 0,
                    "spot_max_price": ""
                  }
                ],
                "launch_template": [
                  {
                    "launch_template_specification": [
                      {
                        "launch_template_id": "lt-0a7707e20c2ec59dd",
                        "launch_template_name": "dev-ecs-lt20251120071229137300000003",
                        "version": "$Latest"
                      }
                    ],
                    "override": []
                  }
                ]
              }
            ],
            "name": "dev-ecs-asg",
            "name_prefix": "",
            "placement_group": "",
            "predicted_capacity": 0,
            "protect_from_scale_in": false,
            "region": "ap-south-1",
            "service_linked_role_arn": "arn:aws:iam::555108715761:role/aws-service-role/autoscaling.amazonaws.com/AWSServiceRoleForAutoScaling",
            "suspended_processes": [],
            "tag": [
              {
                "key": "Name",
                "propagate_at_launch": true,
                "value": "dev-ecs-instance"
              }
            ],
            "target_group_arns": [],
            "termination_policies": [],
            "timeouts": null,
            "traffic_source": [],
            "vpc_zone_identifier": [
              "subnet-00013e462c2c9af82",
              "subnet-0c238f2fc26b44d6a"
            ],
            "wait_for_capacity_timeout": "0",
            "wait_for_elb_capacity": null,
            "warm_pool": [],
            "warm_pool_size": 0
          },
          "sensitive_attributes": [],
          "identity_schema_version": 0,
          "private": "eyJlMmJmYjczMC1lY2FhLTExZTYtOGY4OC0zNDM2M2JjN2M0YzAiOnsiZGVsZXRlIjo2MDAwMDAwMDAwMDAsInVwZGF0ZSI6NjAwMDAwMDAwMDAwfSwic2NoZW1hX3ZlcnNpb24iOiIxIn0=",
          "dependencies": [
            "aws_ecs_cluster.ecs",
            "aws_iam_instance_profile.ecs_instance_profile",
            "aws_iam_role.ecs_instance_role",
            "aws_launch_template.ecs",
            "aws_security_group.alb_sg",
            "aws_security_group.ecs_sg",
            "aws_subnet.private_1",
            "aws_subnet.private_2",
            "aws_vpc.ecs_vpc",
            "data.aws_ami.ecs_optimized"
          ]
        }
      ]
    },
    {
      "mode": "managed",
      "type": "aws_ecs_capacity_provider",
      "name": "ecs_capacity_providers",
      "provider": "provider[\"registry.terraform.io/hashicorp/aws\"]",
      "instances": [
        {
          "schema_version": 0,
          "attributes": {
            "arn": "arn:aws:ecs:ap-south-1:555108715761:capacity-provider/dev-ecs-capacity-provider",
            "auto_scaling_group_provider": [
              {
                "auto_scaling_group_arn": "arn:aws:autoscaling:ap-south-1:555108715761:autoScalingGroup:dd398a81-35e1-4d1d-ab6f-83204725e887:autoScalingGroupName/dev-ecs-asg",
                "managed_draining": "ENABLED",
                "managed_scaling": [
                  {
                    "instance_warmup_period": 0,
                    "maximum_scaling_step_size": 10000,
                    "minimum_scaling_step_size": 1,
                    "status": "ENABLED",
                    "target_capacity": 100
                  }
                ],
                "managed_termination_protection": "DISABLED"
              }
            ],
            "cluster": "",
            "id": "arn:aws:ecs:ap-south-1:555108715761:capacity-provider/dev-ecs-capacity-provider",
            "managed_instances_provider": [],
            "name": "dev-ecs-capacity-provider",
            "region": "ap-south-1",
            "tags": null,
            "tags_all": {}
          },
          "sensitive_attributes": [],
          "identity_schema_version": 0,
          "identity": {
            "arn": "arn:aws:ecs:ap-south-1:555108715761:capacity-provider/dev-ecs-capacity-provider"
          },
          "private": "bnVsbA==",
          "dependencies": [
            "aws_autoscaling_group.asg",
            "aws_ecs_cluster.ecs",
            "aws_iam_instance_profile.ecs_instance_profile",
            "aws_iam_role.ecs_instance_role",
            "aws_launch_template.ecs",
            "aws_security_group.alb_sg",
            "aws_security_group.ecs_sg",
            "aws_subnet.private_1",
            "aws_subnet.private_2",
            "aws_vpc.ecs_vpc",
            "data.aws_ami.ecs_optimized"
          ]
        }
      ]
    },
    {
      "mode": "managed",
      "type": "aws_ecs_cluster",
      "name": "ecs",
      "provider": "provider[\"registry.terraform.io/hashicorp/aws\"]",
      "instances": [
        {
          "schema_version": 0,
          "attributes": {
            "arn": "arn:aws:ecs:ap-south-1:555108715761:cluster/dev-glidingpath",
            "configuration": [],
            "id": "arn:aws:ecs:ap-south-1:555108715761:cluster/dev-glidingpath",
            "name": "dev-glidingpath",
            "region": "ap-south-1",
            "service_connect_defaults": [],
            "setting": [
              {
                "name": "containerInsights",
                "value": "enabled"
              }
            ],
            "tags": {},
            "tags_all": {}
          },
          "sensitive_attributes": [],
          "identity_schema_version": 0,
          "private": "bnVsbA=="
        }
      ]
    },
    {
      "mode": "managed",
      "type": "aws_ecs_cluster_capacity_providers",
      "name": "ecs_capacity_providers",
      "provider": "provider[\"registry.terraform.io/hashicorp/aws\"]",
      "instances": [
        {
          "schema_version": 0,
          "attributes": {
            "capacity_providers": [
              "dev-ecs-capacity-provider"
            ],
            "cluster_name": "dev-glidingpath",
            "default_capacity_provider_strategy": [
              {
                "base": 0,
                "capacity_provider": "dev-ecs-capacity-provider",
                "weight": 1
              }
            ],
            "id": "dev-glidingpath",
            "region": "ap-south-1"
          },
          "sensitive_attributes": [],
          "identity_schema_version": 0,
          "private": "bnVsbA==",
          "dependencies": [
            "aws_autoscaling_group.asg",
            "aws_ecs_capacity_provider.ecs_capacity_providers",
            "aws_ecs_cluster.ecs",
            "aws_iam_instance_profile.ecs_instance_profile",
            "aws_iam_role.ecs_instance_role",
            "aws_launch_template.ecs",
            "aws_security_group.alb_sg",
            "aws_security_group.ecs_sg",
            "aws_subnet.private_1",
            "aws_subnet.private_2",
            "aws_vpc.ecs_vpc",
            "data.aws_ami.ecs_optimized"
          ]
        }
      ]
    },
    {
      "mode": "managed",
      "type": "aws_ecs_service",
      "name": "httpd_service",
      "provider": "provider[\"registry.terraform.io/hashicorp/aws\"]",
      "instances": [
        {
          "schema_version": 1,
          "attributes": {
            "alarms": [],
            "arn": "arn:aws:ecs:ap-south-1:555108715761:service/dev-glidingpath/httpd",
            "availability_zone_rebalancing": "DISABLED",
            "capacity_provider_strategy": [],
            "cluster": "arn:aws:ecs:ap-south-1:555108715761:cluster/dev-glidingpath",
            "deployment_circuit_breaker": [
              {
                "enable": false,
                "rollback": false
              }
            ],
            "deployment_configuration": [
              {
                "bake_time_in_minutes": "0",
                "lifecycle_hook": [],
                "strategy": "ROLLING"
              }
            ],
            "deployment_controller": [
              {
                "type": "ECS"
              }
            ],
            "deployment_maximum_percent": 200,
            "deployment_minimum_healthy_percent": 100,
            "desired_count": 1,
            "enable_ecs_managed_tags": false,
            "enable_execute_command": false,
            "force_delete": null,
            "force_new_deployment": true,
            "health_check_grace_period_seconds": 0,
            "iam_role": "/aws-service-role/ecs.amazonaws.com/AWSServiceRoleForECS",
            "id": "arn:aws:ecs:ap-south-1:555108715761:service/dev-glidingpath/httpd",
            "launch_type": "EC2",
            "load_balancer": [
              {
                "advanced_configuration": [],
                "container_name": "httpd",
                "container_port": 80,
                "elb_name": "",
                "target_group_arn": "arn:aws:elasticloadbalancing:ap-south-1:555108715761:targetgroup/instance-target-group/4264c6f2160ee3af"
              }
            ],
            "name": "httpd",
            "network_configuration": [],
            "ordered_placement_strategy": [],
            "placement_constraints": [
              {
                "expression": "attribute:ecs.availability-zone in [ap-south-1a]",
                "type": "memberOf"
              }
            ],
            "platform_version": "",
            "propagate_tags": "NONE",
            "region": "ap-south-1",
            "scheduling_strategy": "REPLICA",
            "service_connect_configuration": [],
            "service_registries": [],
            "sigint_rollback": null,
            "tags": null,
            "tags_all": {},
            "task_definition": "arn:aws:ecs:ap-south-1:555108715761:task-definition/httpd:3",
            "timeouts": null,
            "triggers": {},
            "volume_configuration": [],
            "vpc_lattice_configurations": [],
            "wait_for_steady_state": false
          },
          "sensitive_attributes": [],
          "identity_schema_version": 0,
          "private": "eyJlMmJmYjczMC1lY2FhLTExZTYtOGY4OC0zNDM2M2JjN2M0YzAiOnsiY3JlYXRlIjoxMjAwMDAwMDAwMDAwLCJkZWxldGUiOjEyMDAwMDAwMDAwMDAsInVwZGF0ZSI6MTIwMDAwMDAwMDAwMH0sInNjaGVtYV92ZXJzaW9uIjoiMSJ9",
          "dependencies": [
            "aws_ecs_cluster.ecs",
            "aws_ecs_task_definition.httpd",
            "aws_lb_target_group.instance_tg",
            "aws_vpc.ecs_vpc"
          ]
        }
      ]
    },
    {
      "mode": "managed",
      "type": "aws_ecs_task_definition",
      "name": "httpd",
      "provider": "provider[\"registry.terraform.io/hashicorp/aws\"]",
      "instances": [
        {
          "schema_version": 1,
          "attributes": {
            "arn": "arn:aws:ecs:ap-south-1:555108715761:task-definition/httpd:3",
            "arn_without_revision": "arn:aws:ecs:ap-south-1:555108715761:task-definition/httpd",
            "container_definitions": "[{\"cpu\":10,\"environment\":[],\"essential\":true,\"image\":\"httpd:latest\",\"memory\":512,\"mountPoints\":[],\"name\":\"httpd\",\"portMappings\":[{\"containerPort\":80,\"hostPort\":80,\"protocol\":\"tcp\"}],\"systemControls\":[],\"volumesFrom\":[]}]",
            "cpu": "",
            "enable_fault_injection": false,
            "ephemeral_storage": [],
            "execution_role_arn": "",
            "family": "httpd",
            "id": "httpd",
            "ipc_mode": "",
            "memory": "",
            "network_mode": "bridge",
            "pid_mode": "",
            "placement_constraints": [
              {
                "expression": "attribute:ecs.availability-zone in [ap-south-1a]",
                "type": "memberOf"
              }
            ],
            "proxy_configuration": [],
            "region": "ap-south-1",
            "requires_compatibilities": null,
            "revision": 3,
            "runtime_platform": [],
            "skip_destroy": false,
            "tags": null,
            "tags_all": {},
            "task_role_arn": "",
            "track_latest": false,
            "volume": []
          },
          "sensitive_attributes": [],
          "identity_schema_version": 0,
          "private": "eyJzY2hlbWFfdmVyc2lvbiI6IjEifQ=="
        }
      ]
    },
    {
      "mode": "managed",
      "type": "aws_eip",
      "name": "eip",
      "provider": "provider[\"registry.terraform.io/hashicorp/aws\"]",
      "instances": [
        {
          "schema_version": 0,
          "attributes": {
            "address": null,
            "allocation_id": "eipalloc-0e22c0791613c76c3",
            "arn": "arn:aws:ec2:ap-south-1:555108715761:elastic-ip/eipalloc-0e22c0791613c76c3",
            "associate_with_private_ip": null,
            "association_id": "",
            "carrier_ip": "",
            "customer_owned_ip": "",
            "customer_owned_ipv4_pool": "",
            "domain": "vpc",
            "id": "eipalloc-0e22c0791613c76c3",
            "instance": "",
            "ipam_pool_id": null,
            "network_border_group": "ap-south-1",
            "network_interface": "",
            "private_dns": null,
            "private_ip": "",
            "ptr_record": "",
            "public_dns": "ec2-65-0-1-216.ap-south-1.compute.amazonaws.com",
            "public_ip": "65.0.1.216",
            "public_ipv4_pool": "amazon",
            "region": "ap-south-1",
            "tags": null,
            "tags_all": {},
            "timeouts": null
          },
          "sensitive_attributes": [],
          "identity_schema_version": 0,
          "private": "eyJlMmJmYjczMC1lY2FhLTExZTYtOGY4OC0zNDM2M2JjN2M0YzAiOnsiZGVsZXRlIjoxODAwMDAwMDAwMDAsInJlYWQiOjkwMDAwMDAwMDAwMCwidXBkYXRlIjozMDAwMDAwMDAwMDB9fQ=="
        }
      ]
    },
    {
      "mode": "managed",
      "type": "aws_iam_instance_profile",
      "name": "ecs_instance_profile",
      "provider": "provider[\"registry.terraform.io/hashicorp/aws\"]",
      "instances": [
        {
          "schema_version": 0,
          "attributes": {
            "arn": "arn:aws:iam::555108715761:instance-profile/dev-ecs-instance-profile",
            "create_date": "2025-11-20T07:12:20Z",
            "id": "dev-ecs-instance-profile",
            "name": "dev-ecs-instance-profile",
            "name_prefix": "",
            "path": "/",
            "role": "dev-ecs-instance-role",
            "tags": {},
            "tags_all": {},
            "unique_id": "AIPAYCPYOZTYSLLZSRNBN"
          },
          "sensitive_attributes": [],
          "identity_schema_version": 0,
          "private": "bnVsbA==",
          "dependencies": [
            "aws_iam_role.ecs_instance_role"
          ]
        }
      ]
    },
    {
      "mode": "managed",
      "type": "aws_iam_role",
      "name": "ecs_instance_role",
      "provider": "provider[\"registry.terraform.io/hashicorp/aws\"]",
      "instances": [
        {
          "schema_version": 0,
          "attributes": {
            "arn": "arn:aws:iam::555108715761:role/dev-ecs-instance-role",
            "assume_role_policy": "{\"Statement\":[{\"Action\":\"sts:AssumeRole\",\"Effect\":\"Allow\",\"Principal\":{\"Service\":\"ec2.amazonaws.com\"}}],\"Version\":\"2012-10-17\"}",
            "create_date": "2025-11-20T07:12:18Z",
            "description": "",
            "force_detach_policies": false,
            "id": "dev-ecs-instance-role",
            "inline_policy": [],
            "managed_policy_arns": [],
            "max_session_duration": 3600,
            "name": "dev-ecs-instance-role",
            "name_prefix": "",
            "path": "/",
            "permissions_boundary": "",
            "tags": {},
            "tags_all": {},
            "unique_id": "AROAYCPYOZTYRF4XH4WA2"
          },
          "sensitive_attributes": [],
          "identity_schema_version": 0,
          "identity": {
            "account_id": "555108715761",
            "name": "dev-ecs-instance-role"
          },
          "private": "bnVsbA=="
        }
      ]
    },
    {
      "mode": "managed",
      "type": "aws_iam_role_policy_attachment",
      "name": "ecs_ec2_policy",
      "provider": "provider[\"registry.terraform.io/hashicorp/aws\"]",
      "instances": [
        {
          "schema_version": 0,
          "attributes": {
            "id": "dev-ecs-instance-role/arn:aws:iam::aws:policy/service-role/AmazonEC2ContainerServiceforEC2Role",
            "policy_arn": "arn:aws:iam::aws:policy/service-role/AmazonEC2ContainerServiceforEC2Role",
            "role": "dev-ecs-instance-role"
          },
          "sensitive_attributes": [],
          "identity_schema_version": 0,
          "identity": {
            "account_id": "555108715761",
            "policy_arn": "arn:aws:iam::aws:policy/service-role/AmazonEC2ContainerServiceforEC2Role",
            "role": "dev-ecs-instance-role"
          },
          "private": "bnVsbA==",
          "dependencies": [
            "aws_iam_role.ecs_instance_role"
          ]
        }
      ]
    },
    {
      "mode": "managed",
      "type": "aws_internet_gateway",
      "name": "igw",
      "provider": "provider[\"registry.terraform.io/hashicorp/aws\"]",
      "instances": [
        {
          "schema_version": 0,
          "attributes": {
            "arn": "arn:aws:ec2:ap-south-1:555108715761:internet-gateway/igw-08b0f309dbd1a631c",
            "id": "igw-08b0f309dbd1a631c",
            "owner_id": "555108715761",
            "region": "ap-south-1",
            "tags": {
              "Name": "dev-igw"
            },
            "tags_all": {
              "Name": "dev-igw"
            },
            "timeouts": null,
            "vpc_id": "vpc-0d5c866636d6c292a"
          },
          "sensitive_attributes": [],
          "identity_schema_version": 0,
          "private": "eyJlMmJmYjczMC1lY2FhLTExZTYtOGY4OC0zNDM2M2JjN2M0YzAiOnsiY3JlYXRlIjoxMjAwMDAwMDAwMDAwLCJkZWxldGUiOjEyMDAwMDAwMDAwMDAsInVwZGF0ZSI6MTIwMDAwMDAwMDAwMH19",
          "dependencies": [
            "aws_vpc.ecs_vpc"
          ]
        }
      ]
    },
    {
      "mode": "managed",
      "type": "aws_launch_template",
      "name": "ecs",
      "provider": "provider[\"registry.terraform.io/hashicorp/aws\"]",
      "instances": [
        {
          "schema_version": 1,
          "attributes": {
            "arn": "arn:aws:ec2:ap-south-1:555108715761:launch-template/lt-0a7707e20c2ec59dd",
            "block_device_mappings": [],
            "capacity_reservation_specification": [],
            "cpu_options": [],
            "credit_specification": [],
            "default_version": 1,
            "description": "",
            "disable_api_stop": false,
            "disable_api_termination": false,
            "ebs_optimized": "",
            "enclave_options": [],
            "hibernation_options": [],
            "iam_instance_profile": [
              {
                "arn": "",
                "name": "dev-ecs-instance-profile"
              }
            ],
            "id": "lt-0a7707e20c2ec59dd",
            "image_id": "ami-0cc0d8e30c1b4b33f",
            "instance_initiated_shutdown_behavior": "",
            "instance_market_options": [],
            "instance_requirements": [],
            "instance_type": "c7i-flex.large",
            "kernel_id": "",
            "key_name": "ecs-key",
            "latest_version": 2,
            "license_specification": [],
            "maintenance_options": [],
            "metadata_options": [],
            "monitoring": [],
            "name": "dev-ecs-lt20251120071229137300000003",
            "name_prefix": "dev-ecs-lt",
            "network_interfaces": [],
            "placement": [],
            "private_dns_name_options": [],
            "ram_disk_id": "",
            "region": "ap-south-1",
            "security_group_names": [],
            "tag_specifications": [],
            "tags": {},
            "tags_all": {},
            "update_default_version": null,
            "user_data": "IyEvYmluL2Jhc2gKZWNobyBFQ1NfQ0xVU1RFUj1kZXYtZ2xpZGluZ3BhdGggPj4gL2V0Yy9lY3MvZWNzLmNvbmZpZwo=",
            "vpc_security_group_ids": [
              "sg-036fe444bc715db19"
            ]
          },
          "sensitive_attributes": [],
          "identity_schema_version": 0,
          "private": "eyJzY2hlbWFfdmVyc2lvbiI6IjEifQ==",
          "dependencies": [
            "aws_ecs_cluster.ecs",
            "aws_iam_instance_profile.ecs_instance_profile",
            "aws_iam_role.ecs_instance_role",
            "aws_security_group.alb_sg",
            "aws_security_group.ecs_sg",
            "aws_vpc.ecs_vpc",
            "data.aws_ami.ecs_optimized"
          ]
        }
      ]
    },
    {
      "mode": "managed",
      "type": "aws_lb",
      "name": "alb",
      "provider": "provider[\"registry.terraform.io/hashicorp/aws\"]",
      "instances": [
        {
          "schema_version": 0,
          "attributes": {
            "access_logs": [
              {
                "bucket": "",
                "enabled": false,
                "prefix": ""
              }
            ],
            "arn": "arn:aws:elasticloadbalancing:ap-south-1:555108715761:loadbalancer/app/application-load-balancer/13c13c3b42e15538",
            "arn_suffix": "app/application-load-balancer/13c13c3b42e15538",
            "client_keep_alive": 3600,
            "connection_logs": [
              {
                "bucket": "",
                "enabled": false,
                "prefix": ""
              }
            ],
            "customer_owned_ipv4_pool": "",
            "desync_mitigation_mode": "defensive",
            "dns_name": "application-load-balancer-158660350.ap-south-1.elb.amazonaws.com",
            "dns_record_client_routing_policy": null,
            "drop_invalid_header_fields": false,
            "enable_cross_zone_load_balancing": true,
            "enable_deletion_protection": false,
            "enable_http2": true,
            "enable_tls_version_and_cipher_suite_headers": false,
            "enable_waf_fail_open": false,
            "enable_xff_client_port": false,
            "enable_zonal_shift": false,
            "enforce_security_group_inbound_rules_on_private_link_traffic": "",
            "id": "arn:aws:elasticloadbalancing:ap-south-1:555108715761:loadbalancer/app/application-load-balancer/13c13c3b42e15538",
            "idle_timeout": 60,
            "internal": false,
            "ip_address_type": "ipv4",
            "ipam_pools": [],
            "load_balancer_type": "application",
            "minimum_load_balancer_capacity": [],
            "name": "application-load-balancer",
            "name_prefix": "",
            "preserve_host_header": false,
            "region": "ap-south-1",
            "secondary_ips_auto_assigned_per_subnet": null,
            "security_groups": [
              "sg-007525186487966c2"
            ],
            "subnet_mapping": [
              {
                "allocation_id": "",
                "ipv6_address": "",
                "outpost_id": "",
                "private_ipv4_address": "",
                "subnet_id": "subnet-06ae74db558fecffa"
              },
              {
                "allocation_id": "",
                "ipv6_address": "",
                "outpost_id": "",
                "private_ipv4_address": "",
                "subnet_id": "subnet-09490edbc12d06070"
              }
            ],
            "subnets": [
              "subnet-06ae74db558fecffa",
              "subnet-09490edbc12d06070"
            ],
            "tags": null,
            "tags_all": {},
            "timeouts": null,
            "vpc_id": "vpc-0d5c866636d6c292a",
            "xff_header_processing_mode": "append",
            "zone_id": "ZP97RAFLXTNZK"
          },
          "sensitive_attributes": [],
          "identity_schema_version": 0,
          "identity": {
            "arn": "arn:aws:elasticloadbalancing:ap-south-1:555108715761:loadbalancer/app/application-load-balancer/13c13c3b42e15538"
          },
          "private": "eyJlMmJmYjczMC1lY2FhLTExZTYtOGY4OC0zNDM2M2JjN2M0YzAiOnsiY3JlYXRlIjo2MDAwMDAwMDAwMDAsImRlbGV0ZSI6NjAwMDAwMDAwMDAwLCJ1cGRhdGUiOjYwMDAwMDAwMDAwMH19",
          "dependencies": [
            "aws_security_group.alb_sg",
            "aws_subnet.public_1",
            "aws_subnet.public_2",
            "aws_vpc.ecs_vpc"
          ]
        }
      ]
    },
    {
      "mode": "managed",
      "type": "aws_lb_listener",
      "name": "http",
      "provider": "provider[\"registry.terraform.io/hashicorp/aws\"]",
      "instances": [
        {
          "schema_version": 0,
          "attributes": {
            "alpn_policy": null,
            "arn": "arn:aws:elasticloadbalancing:ap-south-1:555108715761:listener/app/application-load-balancer/13c13c3b42e15538/c11b797edfadda84",
            "certificate_arn": null,
            "default_action": [
              {
                "authenticate_cognito": [],
                "authenticate_oidc": [],
                "fixed_response": [],
                "forward": [],
                "order": 1,
                "redirect": [
                  {
                    "host": "#{host}",
                    "path": "/#{path}",
                    "port": "443",
                    "protocol": "HTTPS",
                    "query": "#{query}",
                    "status_code": "HTTP_301"
                  }
                ],
                "target_group_arn": "",
                "type": "redirect"
              }
            ],
            "id": "arn:aws:elasticloadbalancing:ap-south-1:555108715761:listener/app/application-load-balancer/13c13c3b42e15538/c11b797edfadda84",
            "load_balancer_arn": "arn:aws:elasticloadbalancing:ap-south-1:555108715761:loadbalancer/app/application-load-balancer/13c13c3b42e15538",
            "mutual_authentication": [],
            "port": 80,
            "protocol": "HTTP",
            "region": "ap-south-1",
            "routing_http_request_x_amzn_mtls_clientcert_header_name": null,
            "routing_http_request_x_amzn_mtls_clientcert_issuer_header_name": null,
            "routing_http_request_x_amzn_mtls_clientcert_leaf_header_name": null,
            "routing_http_request_x_amzn_mtls_clientcert_serial_number_header_name": null,
            "routing_http_request_x_amzn_mtls_clientcert_subject_header_name": null,
            "routing_http_request_x_amzn_mtls_clientcert_validity_header_name": null,
            "routing_http_request_x_amzn_tls_cipher_suite_header_name": null,
            "routing_http_request_x_amzn_tls_version_header_name": null,
            "routing_http_response_access_control_allow_credentials_header_value": "",
            "routing_http_response_access_control_allow_headers_header_value": "",
            "routing_http_response_access_control_allow_methods_header_value": "",
            "routing_http_response_access_control_allow_origin_header_value": "",
            "routing_http_response_access_control_expose_headers_header_value": "",
            "routing_http_response_access_control_max_age_header_value": "",
            "routing_http_response_content_security_policy_header_value": "",
            "routing_http_response_server_enabled": true,
            "routing_http_response_strict_transport_security_header_value": "",
            "routing_http_response_x_content_type_options_header_value": "",
            "routing_http_response_x_frame_options_header_value": "",
            "ssl_policy": "",
            "tags": null,
            "tags_all": {},
            "tcp_idle_timeout_seconds": null,
            "timeouts": null
          },
          "sensitive_attributes": [],
          "identity_schema_version": 0,
          "identity": {
            "arn": "arn:aws:elasticloadbalancing:ap-south-1:555108715761:listener/app/application-load-balancer/13c13c3b42e15538/c11b797edfadda84"
          },
          "private": "eyJlMmJmYjczMC1lY2FhLTExZTYtOGY4OC0zNDM2M2JjN2M0YzAiOnsiY3JlYXRlIjozMDAwMDAwMDAwMDAsInVwZGF0ZSI6MzAwMDAwMDAwMDAwfX0=",
          "dependencies": [
            "aws_lb.alb",
            "aws_security_group.alb_sg",
            "aws_subnet.public_1",
            "aws_subnet.public_2",
            "aws_vpc.ecs_vpc"
          ]
        }
      ]
    },
    {
      "mode": "managed",
      "type": "aws_lb_listener",
      "name": "https",
      "provider": "provider[\"registry.terraform.io/hashicorp/aws\"]",
      "instances": [
        {
          "schema_version": 0,
          "attributes": {
            "alpn_policy": null,
            "arn": "arn:aws:elasticloadbalancing:ap-south-1:555108715761:listener/app/application-load-balancer/13c13c3b42e15538/41f9b981d0f3a22a",
            "certificate_arn": "arn:aws:acm:ap-south-1:555108715761:certificate/4cd34ed2-bb91-43b1-9cd3-d8dc4671274a",
            "default_action": [
              {
                "authenticate_cognito": [],
                "authenticate_oidc": [],
                "fixed_response": [],
                "forward": [],
                "order": 1,
                "redirect": [],
                "target_group_arn": "arn:aws:elasticloadbalancing:ap-south-1:555108715761:targetgroup/instance-target-group/4264c6f2160ee3af",
                "type": "forward"
              }
            ],
            "id": "arn:aws:elasticloadbalancing:ap-south-1:555108715761:listener/app/application-load-balancer/13c13c3b42e15538/41f9b981d0f3a22a",
            "load_balancer_arn": "arn:aws:elasticloadbalancing:ap-south-1:555108715761:loadbalancer/app/application-load-balancer/13c13c3b42e15538",
            "mutual_authentication": [
              {
                "advertise_trust_store_ca_names": "",
                "ignore_client_certificate_expiry": false,
                "mode": "off",
                "trust_store_arn": ""
              }
            ],
            "port": 443,
            "protocol": "HTTPS",
            "region": "ap-south-1",
            "routing_http_request_x_amzn_mtls_clientcert_header_name": "",
            "routing_http_request_x_amzn_mtls_clientcert_issuer_header_name": "",
            "routing_http_request_x_amzn_mtls_clientcert_leaf_header_name": "",
            "routing_http_request_x_amzn_mtls_clientcert_serial_number_header_name": "",
            "routing_http_request_x_amzn_mtls_clientcert_subject_header_name": "",
            "routing_http_request_x_amzn_mtls_clientcert_validity_header_name": "",
            "routing_http_request_x_amzn_tls_cipher_suite_header_name": "",
            "routing_http_request_x_amzn_tls_version_header_name": "",
            "routing_http_response_access_control_allow_credentials_header_value": "",
            "routing_http_response_access_control_allow_headers_header_value": "",
            "routing_http_response_access_control_allow_methods_header_value": "",
            "routing_http_response_access_control_allow_origin_header_value": "",
            "routing_http_response_access_control_expose_headers_header_value": "",
            "routing_http_response_access_control_max_age_header_value": "",
            "routing_http_response_content_security_policy_header_value": "",
            "routing_http_response_server_enabled": true,
            "routing_http_response_strict_transport_security_header_value": "",
            "routing_http_response_x_content_type_options_header_value": "",
            "routing_http_response_x_frame_options_header_value": "",
            "ssl_policy": "ELBSecurityPolicy-2016-08",
            "tags": null,
            "tags_all": {},
            "tcp_idle_timeout_seconds": null,
            "timeouts": null
          },
          "sensitive_attributes": [],
          "identity_schema_version": 0,
          "identity": {
            "arn": "arn:aws:elasticloadbalancing:ap-south-1:555108715761:listener/app/application-load-balancer/13c13c3b42e15538/41f9b981d0f3a22a"
          },
          "private": "eyJlMmJmYjczMC1lY2FhLTExZTYtOGY4OC0zNDM2M2JjN2M0YzAiOnsiY3JlYXRlIjozMDAwMDAwMDAwMDAsInVwZGF0ZSI6MzAwMDAwMDAwMDAwfX0=",
          "dependencies": [
            "aws_lb.alb",
            "aws_lb_target_group.instance_tg",
            "aws_security_group.alb_sg",
            "aws_subnet.public_1",
            "aws_subnet.public_2",
            "aws_vpc.ecs_vpc",
            "data.aws_acm_certificate.amazon_issued"
          ]
        }
      ]
    },
    {
      "mode": "managed",
      "type": "aws_lb_target_group",
      "name": "instance_tg",
      "provider": "provider[\"registry.terraform.io/hashicorp/aws\"]",
      "instances": [
        {
          "schema_version": 0,
          "attributes": {
            "arn": "arn:aws:elasticloadbalancing:ap-south-1:555108715761:targetgroup/instance-target-group/4264c6f2160ee3af",
            "arn_suffix": "targetgroup/instance-target-group/4264c6f2160ee3af",
            "connection_termination": null,
            "deregistration_delay": "300",
            "health_check": [
              {
                "enabled": true,
                "healthy_threshold": 2,
                "interval": 30,
                "matcher": "200",
                "path": "/",
                "port": "traffic-port",
                "protocol": "HTTP",
                "timeout": 5,
                "unhealthy_threshold": 2
              }
            ],
            "id": "arn:aws:elasticloadbalancing:ap-south-1:555108715761:targetgroup/instance-target-group/4264c6f2160ee3af",
            "ip_address_type": "ipv4",
            "lambda_multi_value_headers_enabled": false,
            "load_balancer_arns": [],
            "load_balancing_algorithm_type": "round_robin",
            "load_balancing_anomaly_mitigation": "off",
            "load_balancing_cross_zone_enabled": "use_load_balancer_configuration",
            "name": "instance-target-group",
            "name_prefix": "",
            "port": 80,
            "preserve_client_ip": null,
            "protocol": "HTTP",
            "protocol_version": "HTTP1",
            "proxy_protocol_v2": false,
            "region": "ap-south-1",
            "slow_start": 0,
            "stickiness": [
              {
                "cookie_duration": 86400,
                "cookie_name": "",
                "enabled": false,
                "type": "lb_cookie"
              }
            ],
            "tags": null,
            "tags_all": {},
            "target_failover": [
              {
                "on_deregistration": null,
                "on_unhealthy": null
              }
            ],
            "target_group_health": [
              {
                "dns_failover": [
                  {
                    "minimum_healthy_targets_count": "1",
                    "minimum_healthy_targets_percentage": "off"
                  }
                ],
                "unhealthy_state_routing": [
                  {
                    "minimum_healthy_targets_count": 1,
                    "minimum_healthy_targets_percentage": "off"
                  }
                ]
              }
            ],
            "target_health_state": [
              {
                "enable_unhealthy_connection_termination": null,
                "unhealthy_draining_interval": null
              }
            ],
            "target_type": "instance",
            "vpc_id": "vpc-0d5c866636d6c292a"
          },
          "sensitive_attributes": [],
          "identity_schema_version": 0,
          "identity": {
            "arn": "arn:aws:elasticloadbalancing:ap-south-1:555108715761:targetgroup/instance-target-group/4264c6f2160ee3af"
          },
          "private": "bnVsbA==",
          "dependencies": [
            "aws_vpc.ecs_vpc"
          ]
        }
      ]
    },
    {
      "mode": "managed",
      "type": "aws_nat_gateway",
      "name": "nat",
      "provider": "provider[\"registry.terraform.io/hashicorp/aws\"]",
      "instances": [
        {
          "schema_version": 0,
          "attributes": {
            "allocation_id": "eipalloc-0e22c0791613c76c3",
            "association_id": "eipassoc-07b9696696158cabc",
            "connectivity_type": "public",
            "id": "nat-089636896e43c0607",
            "network_interface_id": "eni-069a336a90218fd68",
            "private_ip": "10.0.39.116",
            "public_ip": "65.0.1.216",
            "region": "ap-south-1",
            "secondary_allocation_ids": [],
            "secondary_private_ip_address_count": 0,
            "secondary_private_ip_addresses": [],
            "subnet_id": "subnet-06ae74db558fecffa",
            "tags": {
              "Name": "dev-NAT"
            },
            "tags_all": {
              "Name": "dev-NAT"
            },
            "timeouts": null
          },
          "sensitive_attributes": [],
          "identity_schema_version": 0,
          "private": "eyJlMmJmYjczMC1lY2FhLTExZTYtOGY4OC0zNDM2M2JjN2M0YzAiOnsiY3JlYXRlIjo2MDAwMDAwMDAwMDAsImRlbGV0ZSI6MTgwMDAwMDAwMDAwMCwidXBkYXRlIjo2MDAwMDAwMDAwMDB9fQ==",
          "dependencies": [
            "aws_eip.eip",
            "aws_internet_gateway.igw",
            "aws_subnet.public_1",
            "aws_vpc.ecs_vpc"
          ]
        }
      ]
    },
    {
      "mode": "managed",
      "type": "aws_route53_record",
      "name": "www",
      "provider": "provider[\"registry.terraform.io/hashicorp/aws\"]",
      "instances": [
        {
          "schema_version": 2,
          "attributes": {
            "alias": [
              {
                "evaluate_target_health": true,
                "name": "application-load-balancer-158660350.ap-south-1.elb.amazonaws.com",
                "zone_id": "ZP97RAFLXTNZK"
              }
            ],
            "allow_overwrite": null,
            "cidr_routing_policy": [],
            "failover_routing_policy": [],
            "fqdn": "httpd.nayanzagade.xyz",
            "geolocation_routing_policy": [],
            "geoproximity_routing_policy": [],
            "health_check_id": "",
            "id": "Z005920810ULG86JXT8IA_httpd.nayanzagade.xyz_A",
            "latency_routing_policy": [],
            "multivalue_answer_routing_policy": false,
            "name": "httpd.nayanzagade.xyz",
            "records": null,
            "set_identifier": "",
            "timeouts": null,
            "ttl": 0,
            "type": "A",
            "weighted_routing_policy": [],
            "zone_id": "Z005920810ULG86JXT8IA"
          },
          "sensitive_attributes": [],
          "identity_schema_version": 0,
          "identity": {
            "account_id": "555108715761",
            "name": "httpd.nayanzagade.xyz",
            "set_identifier": null,
            "type": "A",
            "zone_id": "Z005920810ULG86JXT8IA"
          },
          "private": "eyJlMmJmYjczMC1lY2FhLTExZTYtOGY4OC0zNDM2M2JjN2M0YzAiOnsiY3JlYXRlIjoxODAwMDAwMDAwMDAwLCJkZWxldGUiOjE4MDAwMDAwMDAwMDAsInVwZGF0ZSI6MTgwMDAwMDAwMDAwMH0sInNjaGVtYV92ZXJzaW9uIjoiMiJ9",
          "dependencies": [
            "aws_lb.alb",
            "aws_security_group.alb_sg",
            "aws_subnet.public_1",
            "aws_subnet.public_2",
            "aws_vpc.ecs_vpc",
            "data.aws_route53_zone.selected"
          ]
        }
      ]
    },
    {
      "mode": "managed",
      "type": "aws_route_table",
      "name": "private",
      "provider": "provider[\"registry.terraform.io/hashicorp/aws\"]",
      "instances": [
        {
          "schema_version": 0,
          "attributes": {
            "arn": "arn:aws:ec2:ap-south-1:555108715761:route-table/rtb-05520d466465c82c9",
            "id": "rtb-05520d466465c82c9",
            "owner_id": "555108715761",
            "propagating_vgws": [],
            "region": "ap-south-1",
            "route": [
              {
                "carrier_gateway_id": "",
                "cidr_block": "0.0.0.0/0",
                "core_network_arn": "",
                "destination_prefix_list_id": "",
                "egress_only_gateway_id": "",
                "gateway_id": "",
                "ipv6_cidr_block": "",
                "local_gateway_id": "",
                "nat_gateway_id": "nat-089636896e43c0607",
                "network_interface_id": "",
                "transit_gateway_id": "",
                "vpc_endpoint_id": "",
                "vpc_peering_connection_id": ""
              }
            ],
            "tags": {
              "Name": "dev-private"
            },
            "tags_all": {
              "Name": "dev-private"
            },
            "timeouts": null,
            "vpc_id": "vpc-0d5c866636d6c292a"
          },
          "sensitive_attributes": [],
          "identity_schema_version": 0,
          "identity": {
            "account_id": "555108715761",
            "id": "rtb-05520d466465c82c9",
            "region": "ap-south-1"
          },
          "private": "eyJlMmJmYjczMC1lY2FhLTExZTYtOGY4OC0zNDM2M2JjN2M0YzAiOnsiY3JlYXRlIjozMDAwMDAwMDAwMDAsImRlbGV0ZSI6MzAwMDAwMDAwMDAwLCJ1cGRhdGUiOjEyMDAwMDAwMDAwMH19",
          "dependencies": [
            "aws_eip.eip",
            "aws_internet_gateway.igw",
            "aws_nat_gateway.nat",
            "aws_subnet.public_1",
            "aws_vpc.ecs_vpc"
          ]
        }
      ]
    },
    {
      "mode": "managed",
      "type": "aws_route_table",
      "name": "public",
      "provider": "provider[\"registry.terraform.io/hashicorp/aws\"]",
      "instances": [
        {
          "schema_version": 0,
          "attributes": {
            "arn": "arn:aws:ec2:ap-south-1:555108715761:route-table/rtb-04e08ff03f8477963",
            "id": "rtb-04e08ff03f8477963",
            "owner_id": "555108715761",
            "propagating_vgws": [],
            "region": "ap-south-1",
            "route": [
              {
                "carrier_gateway_id": "",
                "cidr_block": "0.0.0.0/0",
                "core_network_arn": "",
                "destination_prefix_list_id": "",
                "egress_only_gateway_id": "",
                "gateway_id": "igw-08b0f309dbd1a631c",
                "ipv6_cidr_block": "",
                "local_gateway_id": "",
                "nat_gateway_id": "",
                "network_interface_id": "",
                "transit_gateway_id": "",
                "vpc_endpoint_id": "",
                "vpc_peering_connection_id": ""
              }
            ],
            "tags": {
              "Name": "dev-public"
            },
            "tags_all": {
              "Name": "dev-public"
            },
            "timeouts": null,
            "vpc_id": "vpc-0d5c866636d6c292a"
          },
          "sensitive_attributes": [],
          "identity_schema_version": 0,
          "identity": {
            "account_id": "555108715761",
            "id": "rtb-04e08ff03f8477963",
            "region": "ap-south-1"
          },
          "private": "eyJlMmJmYjczMC1lY2FhLTExZTYtOGY4OC0zNDM2M2JjN2M0YzAiOnsiY3JlYXRlIjozMDAwMDAwMDAwMDAsImRlbGV0ZSI6MzAwMDAwMDAwMDAwLCJ1cGRhdGUiOjEyMDAwMDAwMDAwMH19",
          "dependencies": [
            "aws_internet_gateway.igw",
            "aws_vpc.ecs_vpc"
          ]
        }
      ]
    },
    {
      "mode": "managed",
      "type": "aws_route_table_association",
      "name": "private_1",
      "provider": "provider[\"registry.terraform.io/hashicorp/aws\"]",
      "instances": [
        {
          "schema_version": 0,
          "attributes": {
            "gateway_id": "",
            "id": "rtbassoc-0b5f6395dea07831c",
            "region": "ap-south-1",
            "route_table_id": "rtb-05520d466465c82c9",
            "subnet_id": "subnet-00013e462c2c9af82",
            "timeouts": null
          },
          "sensitive_attributes": [],
          "identity_schema_version": 0,
          "private": "eyJlMmJmYjczMC1lY2FhLTExZTYtOGY4OC0zNDM2M2JjN2M0YzAiOnsiY3JlYXRlIjozMDAwMDAwMDAwMDAsImRlbGV0ZSI6MzAwMDAwMDAwMDAwLCJ1cGRhdGUiOjEyMDAwMDAwMDAwMH19",
          "dependencies": [
            "aws_eip.eip",
            "aws_internet_gateway.igw",
            "aws_nat_gateway.nat",
            "aws_route_table.private",
            "aws_subnet.private_1",
            "aws_subnet.public_1",
            "aws_vpc.ecs_vpc"
          ]
        }
      ]
    },
    {
      "mode": "managed",
      "type": "aws_route_table_association",
      "name": "private_2",
      "provider": "provider[\"registry.terraform.io/hashicorp/aws\"]",
      "instances": [
        {
          "schema_version": 0,
          "attributes": {
            "gateway_id": "",
            "id": "rtbassoc-00d3f44227fc8c31e",
            "region": "ap-south-1",
            "route_table_id": "rtb-05520d466465c82c9",
            "subnet_id": "subnet-0c238f2fc26b44d6a",
            "timeouts": null
          },
          "sensitive_attributes": [],
          "identity_schema_version": 0,
          "private": "eyJlMmJmYjczMC1lY2FhLTExZTYtOGY4OC0zNDM2M2JjN2M0YzAiOnsiY3JlYXRlIjozMDAwMDAwMDAwMDAsImRlbGV0ZSI6MzAwMDAwMDAwMDAwLCJ1cGRhdGUiOjEyMDAwMDAwMDAwMH19",
          "dependencies": [
            "aws_eip.eip",
            "aws_internet_gateway.igw",
            "aws_nat_gateway.nat",
            "aws_route_table.private",
            "aws_subnet.private_2",
            "aws_subnet.public_1",
            "aws_vpc.ecs_vpc"
          ]
        }
      ]
    },
    {
      "mode": "managed",
      "type": "aws_route_table_association",
      "name": "public_1",
      "provider": "provider[\"registry.terraform.io/hashicorp/aws\"]",
      "instances": [
        {
          "schema_version": 0,
          "attributes": {
            "gateway_id": "",
            "id": "rtbassoc-09671bf754511753a",
            "region": "ap-south-1",
            "route_table_id": "rtb-04e08ff03f8477963",
            "subnet_id": "subnet-06ae74db558fecffa",
            "timeouts": null
          },
          "sensitive_attributes": [],
          "identity_schema_version": 0,
          "private": "eyJlMmJmYjczMC1lY2FhLTExZTYtOGY4OC0zNDM2M2JjN2M0YzAiOnsiY3JlYXRlIjozMDAwMDAwMDAwMDAsImRlbGV0ZSI6MzAwMDAwMDAwMDAwLCJ1cGRhdGUiOjEyMDAwMDAwMDAwMH19",
          "dependencies": [
            "aws_internet_gateway.igw",
            "aws_route_table.public",
            "aws_subnet.public_1",
            "aws_vpc.ecs_vpc"
          ]
        }
      ]
    },
    {
      "mode": "managed",
      "type": "aws_route_table_association",
      "name": "public_2",
      "provider": "provider[\"registry.terraform.io/hashicorp/aws\"]",
      "instances": [
        {
          "schema_version": 0,
          "attributes": {
            "gateway_id": "",
            "id": "rtbassoc-0ff83142c3e7cac11",
            "region": "ap-south-1",
            "route_table_id": "rtb-04e08ff03f8477963",
            "subnet_id": "subnet-09490edbc12d06070",
            "timeouts": null
          },
          "sensitive_attributes": [],
          "identity_schema_version": 0,
          "private": "eyJlMmJmYjczMC1lY2FhLTExZTYtOGY4OC0zNDM2M2JjN2M0YzAiOnsiY3JlYXRlIjozMDAwMDAwMDAwMDAsImRlbGV0ZSI6MzAwMDAwMDAwMDAwLCJ1cGRhdGUiOjEyMDAwMDAwMDAwMH19",
          "dependencies": [
            "aws_internet_gateway.igw",
            "aws_route_table.public",
            "aws_subnet.public_2",
            "aws_vpc.ecs_vpc"
          ]
        }
      ]
    },
    {
      "mode": "managed",
      "type": "aws_security_group",
      "name": "alb_sg",
      "provider": "provider[\"registry.terraform.io/hashicorp/aws\"]",
      "instances": [
        {
          "schema_version": 1,
          "attributes": {
            "arn": "arn:aws:ec2:ap-south-1:555108715761:security-group/sg-007525186487966c2",
            "description": "Security group for ALB",
            "egress": [
              {
                "cidr_blocks": [
                  "0.0.0.0/0"
                ],
                "description": "",
                "from_port": 0,
                "ipv6_cidr_blocks": [],
                "prefix_list_ids": [],
                "protocol": "-1",
                "security_groups": [],
                "self": false,
                "to_port": 0
              }
            ],
            "id": "sg-007525186487966c2",
            "ingress": [
              {
                "cidr_blocks": [
                  "0.0.0.0/0"
                ],
                "description": "",
                "from_port": 443,
                "ipv6_cidr_blocks": [],
                "prefix_list_ids": [],
                "protocol": "tcp",
                "security_groups": [],
                "self": false,
                "to_port": 443
              },
              {
                "cidr_blocks": [
                  "0.0.0.0/0"
                ],
                "description": "",
                "from_port": 80,
                "ipv6_cidr_blocks": [],
                "prefix_list_ids": [],
                "protocol": "tcp",
                "security_groups": [],
                "self": false,
                "to_port": 80
              }
            ],
            "name": "alb-security-group",
            "name_prefix": "",
            "owner_id": "555108715761",
            "region": "ap-south-1",
            "revoke_rules_on_delete": false,
            "tags": null,
            "tags_all": {},
            "timeouts": null,
            "vpc_id": "vpc-0d5c866636d6c292a"
          },
          "sensitive_attributes": [],
          "identity_schema_version": 0,
          "identity": {
            "account_id": "555108715761",
            "id": "sg-007525186487966c2",
            "region": "ap-south-1"
          },
          "private": "eyJlMmJmYjczMC1lY2FhLTExZTYtOGY4OC0zNDM2M2JjN2M0YzAiOnsiY3JlYXRlIjo2MDAwMDAwMDAwMDAsImRlbGV0ZSI6OTAwMDAwMDAwMDAwfSwic2NoZW1hX3ZlcnNpb24iOiIxIn0=",
          "dependencies": [
            "aws_vpc.ecs_vpc"
          ]
        }
      ]
    },
    {
      "mode": "managed",
      "type": "aws_security_group",
      "name": "ecs_sg",
      "provider": "provider[\"registry.terraform.io/hashicorp/aws\"]",
      "instances": [
        {
          "schema_version": 1,
          "attributes": {
            "arn": "arn:aws:ec2:ap-south-1:555108715761:security-group/sg-036fe444bc715db19",
            "description": "Security group for ECS instances",
            "egress": [
              {
                "cidr_blocks": [
                  "0.0.0.0/0"
                ],
                "description": "",
                "from_port": 0,
                "ipv6_cidr_blocks": [],
                "prefix_list_ids": [],
                "protocol": "-1",
                "security_groups": [],
                "self": false,
                "to_port": 0
              }
            ],
            "id": "sg-036fe444bc715db19",
            "ingress": [
              {
                "cidr_blocks": [
                  "10.0.0.0/16"
                ],
                "description": "SSH access from VPC",
                "from_port": 22,
                "ipv6_cidr_blocks": [],
                "prefix_list_ids": [],
                "protocol": "tcp",
                "security_groups": [],
                "self": false,
                "to_port": 22
              },
              {
                "cidr_blocks": [],
                "description": "HTTP from ALB",
                "from_port": 80,
                "ipv6_cidr_blocks": [],
                "prefix_list_ids": [],
                "protocol": "tcp",
                "security_groups": [
                  "sg-007525186487966c2"
                ],
                "self": false,
                "to_port": 80
              }
            ],
            "name": "dev-ecs-sg",
            "name_prefix": "",
            "owner_id": "555108715761",
            "region": "ap-south-1",
            "revoke_rules_on_delete": false,
            "tags": {
              "Name": "dev-ecs-sg"
            },
            "tags_all": {
              "Name": "dev-ecs-sg"
            },
            "timeouts": null,
            "vpc_id": "vpc-0d5c866636d6c292a"
          },
          "sensitive_attributes": [],
          "identity_schema_version": 0,
          "identity": {
            "account_id": "555108715761",
            "id": "sg-036fe444bc715db19",
            "region": "ap-south-1"
          },
          "private": "eyJlMmJmYjczMC1lY2FhLTExZTYtOGY4OC0zNDM2M2JjN2M0YzAiOnsiY3JlYXRlIjo2MDAwMDAwMDAwMDAsImRlbGV0ZSI6OTAwMDAwMDAwMDAwfSwic2NoZW1hX3ZlcnNpb24iOiIxIn0=",
          "dependencies": [
            "aws_security_group.alb_sg",
            "aws_vpc.ecs_vpc"
          ]
        }
      ]
    },
    {
      "mode": "managed",
      "type": "aws_subnet",
      "name": "private_1",
      "provider": "provider[\"registry.terraform.io/hashicorp/aws\"]",
      "instances": [
        {
          "schema_version": 1,
          "attributes": {
            "arn": "arn:aws:ec2:ap-south-1:555108715761:subnet/subnet-00013e462c2c9af82",
            "assign_ipv6_address_on_creation": false,
            "availability_zone": "ap-south-1a",
            "availability_zone_id": "aps1-az1",
            "cidr_block": "10.0.64.0/19",
            "customer_owned_ipv4_pool": "",
            "enable_dns64": false,
            "enable_lni_at_device_index": 0,
            "enable_resource_name_dns_a_record_on_launch": false,
            "enable_resource_name_dns_aaaa_record_on_launch": false,
            "id": "subnet-00013e462c2c9af82",
            "ipv6_cidr_block": "",
            "ipv6_cidr_block_association_id": "",
            "ipv6_native": false,
            "map_customer_owned_ip_on_launch": false,
            "map_public_ip_on_launch": false,
            "outpost_arn": "",
            "owner_id": "555108715761",
            "private_dns_hostname_type_on_launch": "ip-name",
            "region": "ap-south-1",
            "tags": {
              "Name": "dev-private_subnet_1",
              "kubernetes.io/role/internal-elb": "1"
            },
            "tags_all": {
              "Name": "dev-private_subnet_1",
              "kubernetes.io/role/internal-elb": "1"
            },
            "timeouts": null,
            "vpc_id": "vpc-0d5c866636d6c292a"
          },
          "sensitive_attributes": [],
          "identity_schema_version": 0,
          "identity": {
            "account_id": "555108715761",
            "id": "subnet-00013e462c2c9af82",
            "region": "ap-south-1"
          },
          "private": "eyJlMmJmYjczMC1lY2FhLTExZTYtOGY4OC0zNDM2M2JjN2M0YzAiOnsiY3JlYXRlIjo2MDAwMDAwMDAwMDAsImRlbGV0ZSI6MTIwMDAwMDAwMDAwMH0sInNjaGVtYV92ZXJzaW9uIjoiMSJ9",
          "dependencies": [
            "aws_vpc.ecs_vpc"
          ]
        }
      ]
    },
    {
      "mode": "managed",
      "type": "aws_subnet",
      "name": "private_2",
      "provider": "provider[\"registry.terraform.io/hashicorp/aws\"]",
      "instances": [
        {
          "schema_version": 1,
          "attributes": {
            "arn": "arn:aws:ec2:ap-south-1:555108715761:subnet/subnet-0c238f2fc26b44d6a",
            "assign_ipv6_address_on_creation": false,
            "availability_zone": "ap-south-1b",
            "availability_zone_id": "aps1-az3",
            "cidr_block": "10.0.128.0/19",
            "customer_owned_ipv4_pool": "",
            "enable_dns64": false,
            "enable_lni_at_device_index": 0,
            "enable_resource_name_dns_a_record_on_launch": false,
            "enable_resource_name_dns_aaaa_record_on_launch": false,
            "id": "subnet-0c238f2fc26b44d6a",
            "ipv6_cidr_block": "",
            "ipv6_cidr_block_association_id": "",
            "ipv6_native": false,
            "map_customer_owned_ip_on_launch": false,
            "map_public_ip_on_launch": false,
            "outpost_arn": "",
            "owner_id": "555108715761",
            "private_dns_hostname_type_on_launch": "ip-name",
            "region": "ap-south-1",
            "tags": {
              "Name": "dev-private_subnet_2",
              "kubernetes.io/role/internal-elb": "1"
            },
            "tags_all": {
              "Name": "dev-private_subnet_2",
              "kubernetes.io/role/internal-elb": "1"
            },
            "timeouts": null,
            "vpc_id": "vpc-0d5c866636d6c292a"
          },
          "sensitive_attributes": [],
          "identity_schema_version": 0,
          "identity": {
            "account_id": "555108715761",
            "id": "subnet-0c238f2fc26b44d6a",
            "region": "ap-south-1"
          },
          "private": "eyJlMmJmYjczMC1lY2FhLTExZTYtOGY4OC0zNDM2M2JjN2M0YzAiOnsiY3JlYXRlIjo2MDAwMDAwMDAwMDAsImRlbGV0ZSI6MTIwMDAwMDAwMDAwMH0sInNjaGVtYV92ZXJzaW9uIjoiMSJ9",
          "dependencies": [
            "aws_vpc.ecs_vpc"
          ]
        }
      ]
    },
    {
      "mode": "managed",
      "type": "aws_subnet",
      "name": "public_1",
      "provider": "provider[\"registry.terraform.io/hashicorp/aws\"]",
      "instances": [
        {
          "schema_version": 1,
          "attributes": {
            "arn": "arn:aws:ec2:ap-south-1:555108715761:subnet/subnet-06ae74db558fecffa",
            "assign_ipv6_address_on_creation": false,
            "availability_zone": "ap-south-1a",
            "availability_zone_id": "aps1-az1",
            "cidr_block": "10.0.32.0/19",
            "customer_owned_ipv4_pool": "",
            "enable_dns64": false,
            "enable_lni_at_device_index": 0,
            "enable_resource_name_dns_a_record_on_launch": false,
            "enable_resource_name_dns_aaaa_record_on_launch": false,
            "id": "subnet-06ae74db558fecffa",
            "ipv6_cidr_block": "",
            "ipv6_cidr_block_association_id": "",
            "ipv6_native": false,
            "map_customer_owned_ip_on_launch": false,
            "map_public_ip_on_launch": false,
            "outpost_arn": "",
            "owner_id": "555108715761",
            "private_dns_hostname_type_on_launch": "ip-name",
            "region": "ap-south-1",
            "tags": {
              "Name": "dev-public_subnet_1",
              "kubernetes.io/role/elb": "1"
            },
            "tags_all": {
              "Name": "dev-public_subnet_1",
              "kubernetes.io/role/elb": "1"
            },
            "timeouts": null,
            "vpc_id": "vpc-0d5c866636d6c292a"
          },
          "sensitive_attributes": [],
          "identity_schema_version": 0,
          "identity": {
            "account_id": "555108715761",
            "id": "subnet-06ae74db558fecffa",
            "region": "ap-south-1"
          },
          "private": "eyJlMmJmYjczMC1lY2FhLTExZTYtOGY4OC0zNDM2M2JjN2M0YzAiOnsiY3JlYXRlIjo2MDAwMDAwMDAwMDAsImRlbGV0ZSI6MTIwMDAwMDAwMDAwMH0sInNjaGVtYV92ZXJzaW9uIjoiMSJ9",
          "dependencies": [
            "aws_vpc.ecs_vpc"
          ]
        }
      ]
    },
    {
      "mode": "managed",
      "type": "aws_subnet",
      "name": "public_2",
      "provider": "provider[\"registry.terraform.io/hashicorp/aws\"]",
      "instances": [
        {
          "schema_version": 1,
          "attributes": {
            "arn": "arn:aws:ec2:ap-south-1:555108715761:subnet/subnet-09490edbc12d06070",
            "assign_ipv6_address_on_creation": false,
            "availability_zone": "ap-south-1b",
            "availability_zone_id": "aps1-az3",
            "cidr_block": "10.0.96.0/19",
            "customer_owned_ipv4_pool": "",
            "enable_dns64": false,
            "enable_lni_at_device_index": 0,
            "enable_resource_name_dns_a_record_on_launch": false,
            "enable_resource_name_dns_aaaa_record_on_launch": false,
            "id": "subnet-09490edbc12d06070",
            "ipv6_cidr_block": "",
            "ipv6_cidr_block_association_id": "",
            "ipv6_native": false,
            "map_customer_owned_ip_on_launch": false,
            "map_public_ip_on_launch": false,
            "outpost_arn": "",
            "owner_id": "555108715761",
            "private_dns_hostname_type_on_launch": "ip-name",
            "region": "ap-south-1",
            "tags": {
              "Name": "dev-public_subnet_2",
              "kubernetes.io/role/elb": "1"
            },
            "tags_all": {
              "Name": "dev-public_subnet_2",
              "kubernetes.io/role/elb": "1"
            },
            "timeouts": null,
            "vpc_id": "vpc-0d5c866636d6c292a"
          },
          "sensitive_attributes": [],
          "identity_schema_version": 0,
          "identity": {
            "account_id": "555108715761",
            "id": "subnet-09490edbc12d06070",
            "region": "ap-south-1"
          },
          "private": "eyJlMmJmYjczMC1lY2FhLTExZTYtOGY4OC0zNDM2M2JjN2M0YzAiOnsiY3JlYXRlIjo2MDAwMDAwMDAwMDAsImRlbGV0ZSI6MTIwMDAwMDAwMDAwMH0sInNjaGVtYV92ZXJzaW9uIjoiMSJ9",
          "dependencies": [
            "aws_vpc.ecs_vpc"
          ]
        }
      ]
    },
    {
      "mode": "managed",
      "type": "aws_vpc",
      "name": "ecs_vpc",
      "provider": "provider[\"registry.terraform.io/hashicorp/aws\"]",
      "instances": [
        {
          "schema_version": 1,
          "attributes": {
            "arn": "arn:aws:ec2:ap-south-1:555108715761:vpc/vpc-0d5c866636d6c292a",
            "assign_generated_ipv6_cidr_block": false,
            "cidr_block": "10.0.0.0/16",
            "default_network_acl_id": "acl-0b7aa028c4102e9bb",
            "default_route_table_id": "rtb-062c516f918cf3b4d",
            "default_security_group_id": "sg-02af3ac1e07c17502",
            "dhcp_options_id": "dopt-001ee86f71228ce1d",
            "enable_dns_hostnames": false,
            "enable_dns_support": true,
            "enable_network_address_usage_metrics": false,
            "id": "vpc-0d5c866636d6c292a",
            "instance_tenancy": "default",
            "ipv4_ipam_pool_id": null,
            "ipv4_netmask_length": null,
            "ipv6_association_id": "",
            "ipv6_cidr_block": "",
            "ipv6_cidr_block_network_border_group": "",
            "ipv6_ipam_pool_id": "",
            "ipv6_netmask_length": 0,
            "main_route_table_id": "rtb-062c516f918cf3b4d",
            "owner_id": "555108715761",
            "region": "ap-south-1",
            "tags": {
              "Name": "dev-glidingpath-vpc"
            },
            "tags_all": {
              "Name": "dev-glidingpath-vpc"
            }
          },
          "sensitive_attributes": [],
          "identity_schema_version": 0,
          "private": "eyJzY2hlbWFfdmVyc2lvbiI6IjEifQ=="
        }
      ]
    }
  ],
  "check_results": null
}
